
Microsoft Visual Studio Solution File, Format Version 12.00
# Visual Studio Version 16
VisualStudioVersion = 16.0.31321.278
MinimumVisualStudioVersion = 10.0.40219.1
Project("{8BC9CEB8-8B4A-11D0-8D11-00A0C91BC942}") = "Les_tris", "Les_tris\Les_tris.vcxproj", "{FF66F213-631E-4738-8213-8E10163864AA}"
EndProject
Global
	GlobalSection(SolutionConfigurationPlatforms) = preSolution
		Debug|x64 = Debug|x64
		Debug|x86 = Debug|x86
		Release|x64 = Release|x64
		Release|x86 = Release|x86
	EndGlobalSection
	GlobalSection(ProjectConfigurationPlatforms) = postSolution
		{FF66F213-631E-4738-8213-8E10163864AA}.Debug|x64.ActiveCfg = Debug|x64
		{FF66F213-631E-4738-8213-8E10163864AA}.Debug|x64.Build.0 = Debug|x64
		{FF66F213-631E-4738-8213-8E10163864AA}.Debug|x86.ActiveCfg = Debug|Win32
		{FF66F213-631E-4738-8213-8E10163864AA}.Debug|x86.Build.0 = Debug|Win32
		{FF66F213-631E-4738-8213-8E10163864AA}.Release|x64.ActiveCfg = Release|x64
		{FF66F213-631E-4738-8213-8E10163864AA}.Release|x64.Build.0 = Release|x64
		{FF66F213-631E-4738-8213-8E10163864AA}.Release|x86.ActiveCfg = Release|Win32
		{FF66F213-631E-4738-8213-8E10163864AA}.Release|x86.Build.0 = Release|Win32
	EndGlobalSection
	GlobalSection(SolutionProperties) = preSolution
		HideSolutionNode = FALSE
	EndGlobalSection
	GlobalSection(ExtensibilityGlobals) = postSolution
		SolutionGuid = {A6D9D7D0-8678-4C98-864F-A311B072744A}
	EndGlobalSection
EndGlobal
